PODS:
  - AFNetworking (3.1.0):
    - AFNetworking/NSURLSession (= 3.1.0)
    - AFNetworking/Reachability (= 3.1.0)
    - AFNetworking/Security (= 3.1.0)
    - AFNetworking/Serialization (= 3.1.0)
    - AFNetworking/UIKit (= 3.1.0)
  - AFNetworking/NSURLSession (3.1.0):
    - AFNetworking/Reachability
    - AFNetworking/Security
    - AFNetworking/Serialization
  - AFNetworking/Reachability (3.1.0)
  - AFNetworking/Security (3.1.0)
  - AFNetworking/Serialization (3.1.0)
  - AFNetworking/UIKit (3.1.0):
    - AFNetworking/NSURLSession
  - CRToast (0.0.9)
  - INTULocationManager (4.2.0)
  - MBProgressHUD (0.9.2)
  - NJKWebViewProgress (0.2.3):
    - NJKWebViewProgress/Core (= 0.2.3)
    - NJKWebViewProgress/ProgressView (= 0.2.3)
  - NJKWebViewProgress/Core (0.2.3)
  - NJKWebViewProgress/ProgressView (0.2.3)
  - RongCloudIMKit (2.5.0)
  - Sheriff (0.3.2)
  - SlackTextViewController (1.9.2)
  - UICKeyChainStore (2.1.0)
  - UITableView+FDTemplateLayoutCell (1.4)

DEPENDENCIES:
  - AFNetworking
  - CRToast
  - INTULocationManager
  - MBProgressHUD
  - NJKWebViewProgress
  - RongCloudIMKit
  - Sheriff
  - SlackTextViewController
  - UICKeyChainStore
  - UITableView+FDTemplateLayoutCell

SPEC CHECKSUMS:
  AFNetworking: 5e0e199f73d8626b11e79750991f5d173d1f8b67
  CRToast: 5a78c22b921c5ed3487488af605bc403a9c92fed
  INTULocationManager: 73f8254b3d05c897c56bb13c190e5b7c648c0998
  MBProgressHUD: 1569cf7ace17a8bac47aabfbb8580a49690386d1
  NJKWebViewProgress: f481fd424cb5ecc27eacae11b5397db92fba9a4d
  RongCloudIMKit: 3d8473f022c7588db80ef81caf0208e5c2fa4789
  Sheriff: d3d03fe6d35aa781e3f42d48f3fb53ed7d04958d
  SlackTextViewController: bac3350ccc639bc446bb14cbd09da238f5e01f32
  UICKeyChainStore: f1cbd42216a113f0165de1e733e62905b8823432
  UITableView+FDTemplateLayoutCell: 234e1582bcc4e18461af91155123bb96538ed030

COCOAPODS: 0.39.0
