PODS:
  - AFNetworking (2.5.4):
    - AFNetworking/NSURLConnection (= 2.5.4)
    - AFNetworking/NSURLSession (= 2.5.4)
    - AFNetworking/Reachability (= 2.5.4)
    - AFNetworking/Security (= 2.5.4)
    - AFNetworking/Serialization (= 2.5.4)
    - AFNetworking/UIKit (= 2.5.4)
  - AFNetworking/NSURLConnection (2.5.4):
    - AFNetworking/Reachability
    - AFNetworking/Security
    - AFNetworking/Serialization
  - AFNetworking/NSURLSession (2.5.4):
    - AFNetworking/Reachability
    - AFNetworking/Security
    - AFNetworking/Serialization
  - AFNetworking/Reachability (2.5.4)
  - AFNetworking/Security (2.5.4)
  - AFNetworking/Serialization (2.5.4)
  - AFNetworking/UIKit (2.5.4):
    - AFNetworking/NSURLConnection
    - AFNetworking/NSURLSession
  - INTULocationManager (4.0.0)
  - MBProgressHUD (0.9.1)
  - RongCloudIMKit (2.2.7)
  - SDWebImage (3.7.3):
    - SDWebImage/Core (= 3.7.3)
  - SDWebImage/Core (3.7.3)
  - SIAlertView (1.3)

DEPENDENCIES:
  - AFNetworking
  - INTULocationManager
  - MBProgressHUD
  - RongCloudIMKit
  - SDWebImage
  - SIAlertView

SPEC CHECKSUMS:
  AFNetworking: 05edc0ac4c4c8cf57bcf4b84be5b0744b6d8e71e
  INTULocationManager: 754f2800415378b7bb2c07be103449e1f6a2cc70
  MBProgressHUD: c47f2c166c126cf2ce36498d80f33e754d4e93ad
  RongCloudIMKit: 81aa574b10e066eaefeb325b775fa596d1a13942
  SDWebImage: 1d2b1a1efda1ade1b00b6f8498865f8ddedc8a84
  SIAlertView: 20c794b55eaf44d888773ea51647cf8907723919

COCOAPODS: 0.38.2
